
Microsoft Visual Studio Solution File, Format Version 12.00
# Visual Studio Version 17
VisualStudioVersion = 17.3.32922.545
MinimumVisualStudioVersion = 10.0.40219.1
Project("{FAE04EC0-301F-11D3-BF4B-00C04F79EFBC}") = "WindowsFormsApp1", "WindowsFormsApp1\WindowsFormsApp1.csproj", "{748C0ABD-3F83-45D7-A9C4-82D527CA0CE5}"
EndProject
Global
	GlobalSection(SolutionConfigurationPlatforms) = preSolution
		Debug|Any CPU = Debug|Any CPU
		Release|Any CPU = Release|Any CPU
	EndGlobalSection
	GlobalSection(ProjectConfigurationPlatforms) = postSolution
		{748C0ABD-3F83-45D7-A9C4-82D527CA0CE5}.Debug|Any CPU.ActiveCfg = Debug|Any CPU
		{748C0ABD-3F83-45D7-A9C4-82D527CA0CE5}.Debug|Any CPU.Build.0 = Debug|Any CPU
		{748C0ABD-3F83-45D7-A9C4-82D527CA0CE5}.Release|Any CPU.ActiveCfg = Release|Any CPU
		{748C0ABD-3F83-45D7-A9C4-82D527CA0CE5}.Release|Any CPU.Build.0 = Release|Any CPU
	EndGlobalSection
	GlobalSection(SolutionProperties) = preSolution
		HideSolutionNode = FALSE
	EndGlobalSection
	GlobalSection(ExtensibilityGlobals) = postSolution
		SolutionGuid = {5AA4DBC2-3D1E-4F5C-AC42-5B9D8656F5D9}
	EndGlobalSection
EndGlobal
